{
  "lockfileVersion": 1,
  "workspaces": {
    "": {
      "name": "@ryangreenup/solid-daisy-components",
      "dependencies": {
        "@kobalte/core": "^0.13.11",
        "@tanstack/solid-table": "^8.21.3",
        "@tanstack/solid-virtual": "^3.13.12",
        "lucide-solid": "^0.500.0",
        "solid-js": "^1.9.9",
        "solid-transition-group": "^0.3.0",
        "tailwind-variants": "^3.1.0",
      },
    },
  },
  "packages": {
    "@corvu/utils": ["@corvu/utils@0.4.2", "", { "dependencies": { "@floating-ui/dom": "^1.6.11" }, "peerDependencies": { "solid-js": "^1.8" } }, "sha512-Ox2kYyxy7NoXdKWdHeDEjZxClwzO4SKM8plAaVwmAJPxHMqA0rLOoAsa+hBDwRLpctf+ZRnAd/ykguuJidnaTA=="],

    "@floating-ui/core": ["@floating-ui/core@1.7.3", "", { "dependencies": { "@floating-ui/utils": "^0.2.10" } }, "sha512-sGnvb5dmrJaKEZ+LDIpguvdX3bDlEllmv4/ClQ9awcmCZrlx5jQyyMWFM5kBI+EyNOCDDiKk8il0zeuX3Zlg/w=="],

    "@floating-ui/dom": ["@floating-ui/dom@1.7.4", "", { "dependencies": { "@floating-ui/core": "^1.7.3", "@floating-ui/utils": "^0.2.10" } }, "sha512-OOchDgh4F2CchOX94cRVqhvy7b3AFb+/rQXyswmzmGakRfkMgoWVjfnLWkRirfLEfuD4ysVW16eXzwt3jHIzKA=="],

    "@floating-ui/utils": ["@floating-ui/utils@0.2.10", "", {}, "sha512-aGTxbpbg8/b5JfU1HXSrbH3wXZuLPJcNEcZQFMxLs3oSzgtVu6nFPkbbGGUvBcUjKV2YyB9Wxxabo+HEH9tcRQ=="],

    "@internationalized/date": ["@internationalized/date@3.9.0", "", { "dependencies": { "@swc/helpers": "^0.5.0" } }, "sha512-yaN3brAnHRD+4KyyOsJyk49XUvj2wtbNACSqg0bz3u8t2VuzhC8Q5dfRnrSxjnnbDb+ienBnkn1TzQfE154vyg=="],

    "@internationalized/number": ["@internationalized/number@3.6.5", "", { "dependencies": { "@swc/helpers": "^0.5.0" } }, "sha512-6hY4Kl4HPBvtfS62asS/R22JzNNy8vi/Ssev7x6EobfCp+9QIB2hKvI2EtbdJ0VSQacxVNtqhE/NmF/NZ0gm6g=="],

    "@kobalte/core": ["@kobalte/core@0.13.11", "", { "dependencies": { "@floating-ui/dom": "^1.5.1", "@internationalized/date": "^3.4.0", "@internationalized/number": "^3.2.1", "@kobalte/utils": "^0.9.1", "@solid-primitives/props": "^3.1.8", "@solid-primitives/resize-observer": "^2.0.26", "solid-presence": "^0.1.8", "solid-prevent-scroll": "^0.1.4" }, "peerDependencies": { "solid-js": "^1.8.15" } }, "sha512-hK7TYpdib/XDb/r/4XDBFaO9O+3ZHz4ZWryV4/3BfES+tSQVgg2IJupDnztKXB0BqbSRy/aWlHKw1SPtNPYCFQ=="],

    "@kobalte/utils": ["@kobalte/utils@0.9.1", "", { "dependencies": { "@solid-primitives/event-listener": "^2.2.14", "@solid-primitives/keyed": "^1.2.0", "@solid-primitives/map": "^0.4.7", "@solid-primitives/media": "^2.2.4", "@solid-primitives/props": "^3.1.8", "@solid-primitives/refs": "^1.0.5", "@solid-primitives/utils": "^6.2.1" }, "peerDependencies": { "solid-js": "^1.8.8" } }, "sha512-eeU60A3kprIiBDAfv9gUJX1tXGLuZiKMajUfSQURAF2pk4ZoMYiqIzmrMBvzcxP39xnYttgTyQEVLwiTZnrV4w=="],

    "@solid-primitives/event-listener": ["@solid-primitives/event-listener@2.4.3", "", { "dependencies": { "@solid-primitives/utils": "^6.3.2" }, "peerDependencies": { "solid-js": "^1.6.12" } }, "sha512-h4VqkYFv6Gf+L7SQj+Y6puigL/5DIi7x5q07VZET7AWcS+9/G3WfIE9WheniHWJs51OEkRB43w6lDys5YeFceg=="],

    "@solid-primitives/keyed": ["@solid-primitives/keyed@1.5.2", "", { "peerDependencies": { "solid-js": "^1.6.12" } }, "sha512-BgoEdqPw48URnI+L5sZIHdF4ua4Las1eWEBBPaoSFs42kkhnHue+rwCBPL2Z9ebOyQ75sUhUfOETdJfmv0D6Kg=="],

    "@solid-primitives/map": ["@solid-primitives/map@0.4.13", "", { "dependencies": { "@solid-primitives/trigger": "^1.1.0" }, "peerDependencies": { "solid-js": "^1.6.12" } }, "sha512-B1zyFbsiTQvqPr+cuPCXO72sRuczG9Swncqk5P74NCGw1VE8qa/Ry9GlfI1e/VdeQYHjan+XkbE3rO2GW/qKew=="],

    "@solid-primitives/media": ["@solid-primitives/media@2.3.3", "", { "dependencies": { "@solid-primitives/event-listener": "^2.4.3", "@solid-primitives/rootless": "^1.5.2", "@solid-primitives/static-store": "^0.1.2", "@solid-primitives/utils": "^6.3.2" }, "peerDependencies": { "solid-js": "^1.6.12" } }, "sha512-hQ4hLOGvfbugQi5Eu1BFWAIJGIAzztq9x0h02xgBGl2l0Jaa3h7tg6bz5tV1NSuNYVGio4rPoa7zVQQLkkx9dA=="],

    "@solid-primitives/props": ["@solid-primitives/props@3.2.2", "", { "dependencies": { "@solid-primitives/utils": "^6.3.2" }, "peerDependencies": { "solid-js": "^1.6.12" } }, "sha512-lZOTwFJajBrshSyg14nBMEP0h8MXzPowGO0s3OeiR3z6nXHTfj0FhzDtJMv+VYoRJKQHG2QRnJTgCzK6erARAw=="],

    "@solid-primitives/refs": ["@solid-primitives/refs@1.1.2", "", { "dependencies": { "@solid-primitives/utils": "^6.3.2" }, "peerDependencies": { "solid-js": "^1.6.12" } }, "sha512-K7tf2thy7L+YJjdqXspXOg5xvNEOH8tgEWsp0+1mQk3obHBRD6hEjYZk7p7FlJphSZImS35je3UfmWuD7MhDfg=="],

    "@solid-primitives/resize-observer": ["@solid-primitives/resize-observer@2.1.3", "", { "dependencies": { "@solid-primitives/event-listener": "^2.4.3", "@solid-primitives/rootless": "^1.5.2", "@solid-primitives/static-store": "^0.1.2", "@solid-primitives/utils": "^6.3.2" }, "peerDependencies": { "solid-js": "^1.6.12" } }, "sha512-zBLje5E06TgOg93S7rGPldmhDnouNGhvfZVKOp+oG2XU8snA+GoCSSCz1M+jpNAg5Ek2EakU5UVQqL152WmdXQ=="],

    "@solid-primitives/rootless": ["@solid-primitives/rootless@1.5.2", "", { "dependencies": { "@solid-primitives/utils": "^6.3.2" }, "peerDependencies": { "solid-js": "^1.6.12" } }, "sha512-9HULb0QAzL2r47CCad0M+NKFtQ+LrGGNHZfteX/ThdGvKIg2o2GYhBooZubTCd/RTu2l2+Nw4s+dEfiDGvdrrQ=="],

    "@solid-primitives/static-store": ["@solid-primitives/static-store@0.1.2", "", { "dependencies": { "@solid-primitives/utils": "^6.3.2" }, "peerDependencies": { "solid-js": "^1.6.12" } }, "sha512-ReK+5O38lJ7fT+L6mUFvUr6igFwHBESZF+2Ug842s7fvlVeBdIVEdTCErygff6w7uR6+jrr7J8jQo+cYrEq4Iw=="],

    "@solid-primitives/transition-group": ["@solid-primitives/transition-group@1.1.2", "", { "peerDependencies": { "solid-js": "^1.6.12" } }, "sha512-gnHS0OmcdjeoHN9n7Khu8KNrOlRc8a2weETDt2YT6o1zeW/XtUC6Db3Q9pkMU/9cCKdEmN4b0a/41MKAHRhzWA=="],

    "@solid-primitives/trigger": ["@solid-primitives/trigger@1.2.2", "", { "dependencies": { "@solid-primitives/utils": "^6.3.2" }, "peerDependencies": { "solid-js": "^1.6.12" } }, "sha512-IWoptVc0SWYgmpBPpCMehS5b07+tpFcvw15tOQ3QbXedSYn6KP8zCjPkHNzMxcOvOicTneleeZDP7lqmz+PQ6g=="],

    "@solid-primitives/utils": ["@solid-primitives/utils@6.3.2", "", { "peerDependencies": { "solid-js": "^1.6.12" } }, "sha512-hZ/M/qr25QOCcwDPOHtGjxTD8w2mNyVAYvcfgwzBHq2RwNqHNdDNsMZYap20+ruRwW4A3Cdkczyoz0TSxLCAPQ=="],

    "@swc/helpers": ["@swc/helpers@0.5.17", "", { "dependencies": { "tslib": "^2.8.0" } }, "sha512-5IKx/Y13RsYd+sauPb2x+U/xZikHjolzfuDgTAl/Tdf3Q8rslRvC19NKDLgAJQ6wsqADk10ntlv08nPFw/gO/A=="],

    "@tanstack/solid-table": ["@tanstack/solid-table@8.21.3", "", { "dependencies": { "@tanstack/table-core": "8.21.3" }, "peerDependencies": { "solid-js": ">=1.3" } }, "sha512-PmhfSLBxVKiFs01LtYOYrCRhCyTUjxmb4KlxRQiqcALtip8+DOJeeezQM4RSX/GUS0SMVHyH/dNboCpcO++k2A=="],

    "@tanstack/solid-virtual": ["@tanstack/solid-virtual@3.13.12", "", { "dependencies": { "@tanstack/virtual-core": "3.13.12" }, "peerDependencies": { "solid-js": "^1.3.0" } }, "sha512-0dS8GkBTmbuM9cUR6Jni0a45eJbd32CAEbZj8HrZMWIj3lu974NpGz5ywcomOGJ9GdeHuDaRzlwtonBbKV1ihQ=="],

    "@tanstack/table-core": ["@tanstack/table-core@8.21.3", "", {}, "sha512-ldZXEhOBb8Is7xLs01fR3YEc3DERiz5silj8tnGkFZytt1abEvl/GhUmCE0PMLaMPTa3Jk4HbKmRlHmu+gCftg=="],

    "@tanstack/virtual-core": ["@tanstack/virtual-core@3.13.12", "", {}, "sha512-1YBOJfRHV4sXUmWsFSf5rQor4Ss82G8dQWLRbnk3GA4jeP8hQt1hxXh0tmflpC0dz3VgEv/1+qwPyLeWkQuPFA=="],

    "csstype": ["csstype@3.1.3", "", {}, "sha512-M1uQkMl8rQK/szD0LNhtqxIPLpimGm8sOBwU7lLnCpSbTyY3yeU1Vc7l4KT5zT4s/yOxHH5O7tIuuLOCnLADRw=="],

    "lucide-solid": ["lucide-solid@0.500.0", "", { "peerDependencies": { "solid-js": "^1.4.7" } }, "sha512-+z2Sbk8B35wO+Iivf3N1cEZB9DGFut7dyDBl4mjAac2jO6Jk4HuR0PDXKY7gD4J5NZIJKdXkswSOuUEojSjxmw=="],

    "seroval": ["seroval@1.3.2", "", {}, "sha512-RbcPH1n5cfwKrru7v7+zrZvjLurgHhGyso3HTyGtRivGWgYjbOmGuivCQaORNELjNONoK35nj28EoWul9sb1zQ=="],

    "seroval-plugins": ["seroval-plugins@1.3.3", "", { "peerDependencies": { "seroval": "^1.0" } }, "sha512-16OL3NnUBw8JG1jBLUoZJsLnQq0n5Ua6aHalhJK4fMQkz1lqR7Osz1sA30trBtd9VUDc2NgkuRCn8+/pBwqZ+w=="],

    "solid-js": ["solid-js@1.9.9", "", { "dependencies": { "csstype": "^3.1.0", "seroval": "~1.3.0", "seroval-plugins": "~1.3.0" } }, "sha512-A0ZBPJQldAeGCTW0YRYJmt7RCeh5rbFfPZ2aOttgYnctHE7HgKeHCBB/PVc2P7eOfmNXqMFFFoYYdm3S4dcbkA=="],

    "solid-presence": ["solid-presence@0.1.8", "", { "dependencies": { "@corvu/utils": "~0.4.0" }, "peerDependencies": { "solid-js": "^1.8" } }, "sha512-pWGtXUFWYYUZNbg5YpG5vkQJyOtzn2KXhxYaMx/4I+lylTLYkITOLevaCwMRN+liCVk0pqB6EayLWojNqBFECA=="],

    "solid-prevent-scroll": ["solid-prevent-scroll@0.1.10", "", { "dependencies": { "@corvu/utils": "~0.4.1" }, "peerDependencies": { "solid-js": "^1.8" } }, "sha512-KplGPX2GHiWJLZ6AXYRql4M127PdYzfwvLJJXMkO+CMb8Np4VxqDAg5S8jLdwlEuBis/ia9DKw2M8dFx5u8Mhw=="],

    "solid-transition-group": ["solid-transition-group@0.3.0", "", { "dependencies": { "@solid-primitives/refs": "^1.1.0", "@solid-primitives/transition-group": "^1.1.0" }, "peerDependencies": { "solid-js": "^1.6.12" } }, "sha512-gzFbtxkEnA8Hgi7UzmEjPPRl4rodoKLs+AGIXA7kJgjOr4j4qFRw39npu+WpdNSDV7aDKr+K0LFcoT9Kbm5PBA=="],

    "tailwind-variants": ["tailwind-variants@3.1.0", "", { "peerDependencies": { "tailwind-merge": ">=3.0.0", "tailwindcss": "*" }, "optionalPeers": ["tailwind-merge"] }, "sha512-ieiYaEfUr+sNhw/k++dosmZfVA4VIG5bV+G1eGdJSC4FcflqQv0iSIlOLj/RbzRuTu/VrIiNSlwh1esBM3BXUg=="],

    "tailwindcss": ["tailwindcss@4.1.13", "", {}, "sha512-i+zidfmTqtwquj4hMEwdjshYYgMbOrPzb9a0M3ZgNa0JMoZeFC6bxZvO8yr8ozS6ix2SDz0+mvryPeBs2TFE+w=="],

    "tslib": ["tslib@2.8.1", "", {}, "sha512-oJFu94HQb+KVduSUQL7wnpmqnfmLsOA/nAh6b6EH0wCEoK0/mPeXU6c3wKDV83MkOuHPRHtSXKKU99IBazS/2w=="],
  }
}
